
Microsoft Visual Studio Solution File, Format Version 12.00
# Visual Studio Version 16
VisualStudioVersion = 16.0.31105.61
MinimumVisualStudioVersion = 10.0.40219.1
Project("{FAE04EC0-301F-11D3-BF4B-00C04F79EFBC}") = "Calculadora", "Calculadora\Calculadora.csproj", "{978AE6FA-B6D3-4BB7-B4C6-9B02CF4F266A}"
EndProject
Global
	GlobalSection(SolutionConfigurationPlatforms) = preSolution
		Debug|Any CPU = Debug|Any CPU
		Release|Any CPU = Release|Any CPU
	EndGlobalSection
	GlobalSection(ProjectConfigurationPlatforms) = postSolution
		{978AE6FA-B6D3-4BB7-B4C6-9B02CF4F266A}.Debug|Any CPU.ActiveCfg = Debug|Any CPU
		{978AE6FA-B6D3-4BB7-B4C6-9B02CF4F266A}.Debug|Any CPU.Build.0 = Debug|Any CPU
		{978AE6FA-B6D3-4BB7-B4C6-9B02CF4F266A}.Release|Any CPU.ActiveCfg = Release|Any CPU
		{978AE6FA-B6D3-4BB7-B4C6-9B02CF4F266A}.Release|Any CPU.Build.0 = Release|Any CPU
	EndGlobalSection
	GlobalSection(SolutionProperties) = preSolution
		HideSolutionNode = FALSE
	EndGlobalSection
	GlobalSection(ExtensibilityGlobals) = postSolution
		SolutionGuid = {A202D1A7-B58D-4BDB-9859-A79ADEA06569}
	EndGlobalSection
EndGlobal
